
Microsoft Visual Studio Solution File, Format Version 12.00
# Visual Studio Version 17
VisualStudioVersion = 17.9.34723.18
MinimumVisualStudioVersion = 10.0.40219.1
Project("{FAE04EC0-301F-11D3-BF4B-00C04F79EFBC}") = "BinaryGap", "BinaryGap\BinaryGap.csproj", "{366DFA4D-0A88-4676-92B1-37F715F390D3}"
EndProject
Global
	GlobalSection(SolutionConfigurationPlatforms) = preSolution
		Debug|Any CPU = Debug|Any CPU
		Release|Any CPU = Release|Any CPU
	EndGlobalSection
	GlobalSection(ProjectConfigurationPlatforms) = postSolution
		{366DFA4D-0A88-4676-92B1-37F715F390D3}.Debug|Any CPU.ActiveCfg = Debug|Any CPU
		{366DFA4D-0A88-4676-92B1-37F715F390D3}.Debug|Any CPU.Build.0 = Debug|Any CPU
		{366DFA4D-0A88-4676-92B1-37F715F390D3}.Release|Any CPU.ActiveCfg = Release|Any CPU
		{366DFA4D-0A88-4676-92B1-37F715F390D3}.Release|Any CPU.Build.0 = Release|Any CPU
	EndGlobalSection
	GlobalSection(SolutionProperties) = preSolution
		HideSolutionNode = FALSE
	EndGlobalSection
	GlobalSection(ExtensibilityGlobals) = postSolution
		SolutionGuid = {0F973931-2B01-4CA1-875B-1FF7BE243218}
	EndGlobalSection
EndGlobal
